
Microsoft Visual Studio Solution File, Format Version 12.00
# Visual Studio Version 16
VisualStudioVersion = 16.0.31005.135
MinimumVisualStudioVersion = 10.0.40219.1
Project("{FAE04EC0-301F-11D3-BF4B-00C04F79EFBC}") = "Time table Management System", "Time table Management System\Time table Management System.csproj", "{308B362A-1BA5-4CE2-8E92-99CF26D84AEC}"
EndProject
Global
	GlobalSection(SolutionConfigurationPlatforms) = preSolution
		Debug|Any CPU = Debug|Any CPU
		Release|Any CPU = Release|Any CPU
	EndGlobalSection
	GlobalSection(ProjectConfigurationPlatforms) = postSolution
		{308B362A-1BA5-4CE2-8E92-99CF26D84AEC}.Debug|Any CPU.ActiveCfg = Debug|Any CPU
		{308B362A-1BA5-4CE2-8E92-99CF26D84AEC}.Debug|Any CPU.Build.0 = Debug|Any CPU
		{308B362A-1BA5-4CE2-8E92-99CF26D84AEC}.Release|Any CPU.ActiveCfg = Release|Any CPU
		{308B362A-1BA5-4CE2-8E92-99CF26D84AEC}.Release|Any CPU.Build.0 = Release|Any CPU
	EndGlobalSection
	GlobalSection(SolutionProperties) = preSolution
		HideSolutionNode = FALSE
	EndGlobalSection
	GlobalSection(ExtensibilityGlobals) = postSolution
		SolutionGuid = {332650F5-E47C-44AE-987F-3F2F77489C2F}
	EndGlobalSection
EndGlobal
